
Microsoft Visual Studio Solution File, Format Version 12.00
# Visual Studio 15
VisualStudioVersion = 15.0.26124.0
MinimumVisualStudioVersion = 15.0.26124.0
Project("{FAE04EC0-301F-11D3-BF4B-00C04F79EFBC}") = "Domain", "Domain\Domain.csproj", "{1A96FC48-C850-476C-B0ED-6529E0F197EE}"
EndProject
Project("{FAE04EC0-301F-11D3-BF4B-00C04F79EFBC}") = "Application", "Application\Application.csproj", "{1CDFC514-5D10-4BF6-A836-A0E06A302E14}"
EndProject
Project("{FAE04EC0-301F-11D3-BF4B-00C04F79EFBC}") = "Persistence", "Persistence\Persistence.csproj", "{1784146C-E4AF-451A-B7BC-D78807F6D59F}"
EndProject
Project("{FAE04EC0-301F-11D3-BF4B-00C04F79EFBC}") = "API", "API\API.csproj", "{400FACCA-E13E-4FF4-B463-B96A807AAC85}"
EndProject
Global
	GlobalSection(SolutionConfigurationPlatforms) = preSolution
		Debug|Any CPU = Debug|Any CPU
		Debug|x64 = Debug|x64
		Debug|x86 = Debug|x86
		Release|Any CPU = Release|Any CPU
		Release|x64 = Release|x64
		Release|x86 = Release|x86
	EndGlobalSection
	GlobalSection(SolutionProperties) = preSolution
		HideSolutionNode = FALSE
	EndGlobalSection
	GlobalSection(ProjectConfigurationPlatforms) = postSolution
		{1A96FC48-C850-476C-B0ED-6529E0F197EE}.Debug|Any CPU.ActiveCfg = Debug|Any CPU
		{1A96FC48-C850-476C-B0ED-6529E0F197EE}.Debug|Any CPU.Build.0 = Debug|Any CPU
		{1A96FC48-C850-476C-B0ED-6529E0F197EE}.Debug|x64.ActiveCfg = Debug|Any CPU
		{1A96FC48-C850-476C-B0ED-6529E0F197EE}.Debug|x64.Build.0 = Debug|Any CPU
		{1A96FC48-C850-476C-B0ED-6529E0F197EE}.Debug|x86.ActiveCfg = Debug|Any CPU
		{1A96FC48-C850-476C-B0ED-6529E0F197EE}.Debug|x86.Build.0 = Debug|Any CPU
		{1A96FC48-C850-476C-B0ED-6529E0F197EE}.Release|Any CPU.ActiveCfg = Release|Any CPU
		{1A96FC48-C850-476C-B0ED-6529E0F197EE}.Release|Any CPU.Build.0 = Release|Any CPU
		{1A96FC48-C850-476C-B0ED-6529E0F197EE}.Release|x64.ActiveCfg = Release|Any CPU
		{1A96FC48-C850-476C-B0ED-6529E0F197EE}.Release|x64.Build.0 = Release|Any CPU
		{1A96FC48-C850-476C-B0ED-6529E0F197EE}.Release|x86.ActiveCfg = Release|Any CPU
		{1A96FC48-C850-476C-B0ED-6529E0F197EE}.Release|x86.Build.0 = Release|Any CPU
		{1CDFC514-5D10-4BF6-A836-A0E06A302E14}.Debug|Any CPU.ActiveCfg = Debug|Any CPU
		{1CDFC514-5D10-4BF6-A836-A0E06A302E14}.Debug|Any CPU.Build.0 = Debug|Any CPU
		{1CDFC514-5D10-4BF6-A836-A0E06A302E14}.Debug|x64.ActiveCfg = Debug|Any CPU
		{1CDFC514-5D10-4BF6-A836-A0E06A302E14}.Debug|x64.Build.0 = Debug|Any CPU
		{1CDFC514-5D10-4BF6-A836-A0E06A302E14}.Debug|x86.ActiveCfg = Debug|Any CPU
		{1CDFC514-5D10-4BF6-A836-A0E06A302E14}.Debug|x86.Build.0 = Debug|Any CPU
		{1CDFC514-5D10-4BF6-A836-A0E06A302E14}.Release|Any CPU.ActiveCfg = Release|Any CPU
		{1CDFC514-5D10-4BF6-A836-A0E06A302E14}.Release|Any CPU.Build.0 = Release|Any CPU
		{1CDFC514-5D10-4BF6-A836-A0E06A302E14}.Release|x64.ActiveCfg = Release|Any CPU
		{1CDFC514-5D10-4BF6-A836-A0E06A302E14}.Release|x64.Build.0 = Release|Any CPU
		{1CDFC514-5D10-4BF6-A836-A0E06A302E14}.Release|x86.ActiveCfg = Release|Any CPU
		{1CDFC514-5D10-4BF6-A836-A0E06A302E14}.Release|x86.Build.0 = Release|Any CPU
		{1784146C-E4AF-451A-B7BC-D78807F6D59F}.Debug|Any CPU.ActiveCfg = Debug|Any CPU
		{1784146C-E4AF-451A-B7BC-D78807F6D59F}.Debug|Any CPU.Build.0 = Debug|Any CPU
		{1784146C-E4AF-451A-B7BC-D78807F6D59F}.Debug|x64.ActiveCfg = Debug|Any CPU
		{1784146C-E4AF-451A-B7BC-D78807F6D59F}.Debug|x64.Build.0 = Debug|Any CPU
		{1784146C-E4AF-451A-B7BC-D78807F6D59F}.Debug|x86.ActiveCfg = Debug|Any CPU
		{1784146C-E4AF-451A-B7BC-D78807F6D59F}.Debug|x86.Build.0 = Debug|Any CPU
		{1784146C-E4AF-451A-B7BC-D78807F6D59F}.Release|Any CPU.ActiveCfg = Release|Any CPU
		{1784146C-E4AF-451A-B7BC-D78807F6D59F}.Release|Any CPU.Build.0 = Release|Any CPU
		{1784146C-E4AF-451A-B7BC-D78807F6D59F}.Release|x64.ActiveCfg = Release|Any CPU
		{1784146C-E4AF-451A-B7BC-D78807F6D59F}.Release|x64.Build.0 = Release|Any CPU
		{1784146C-E4AF-451A-B7BC-D78807F6D59F}.Release|x86.ActiveCfg = Release|Any CPU
		{1784146C-E4AF-451A-B7BC-D78807F6D59F}.Release|x86.Build.0 = Release|Any CPU
		{400FACCA-E13E-4FF4-B463-B96A807AAC85}.Debug|Any CPU.ActiveCfg = Debug|Any CPU
		{400FACCA-E13E-4FF4-B463-B96A807AAC85}.Debug|Any CPU.Build.0 = Debug|Any CPU
		{400FACCA-E13E-4FF4-B463-B96A807AAC85}.Debug|x64.ActiveCfg = Debug|Any CPU
		{400FACCA-E13E-4FF4-B463-B96A807AAC85}.Debug|x64.Build.0 = Debug|Any CPU
		{400FACCA-E13E-4FF4-B463-B96A807AAC85}.Debug|x86.ActiveCfg = Debug|Any CPU
		{400FACCA-E13E-4FF4-B463-B96A807AAC85}.Debug|x86.Build.0 = Debug|Any CPU
		{400FACCA-E13E-4FF4-B463-B96A807AAC85}.Release|Any CPU.ActiveCfg = Release|Any CPU
		{400FACCA-E13E-4FF4-B463-B96A807AAC85}.Release|Any CPU.Build.0 = Release|Any CPU
		{400FACCA-E13E-4FF4-B463-B96A807AAC85}.Release|x64.ActiveCfg = Release|Any CPU
		{400FACCA-E13E-4FF4-B463-B96A807AAC85}.Release|x64.Build.0 = Release|Any CPU
		{400FACCA-E13E-4FF4-B463-B96A807AAC85}.Release|x86.ActiveCfg = Release|Any CPU
		{400FACCA-E13E-4FF4-B463-B96A807AAC85}.Release|x86.Build.0 = Release|Any CPU
	EndGlobalSection
EndGlobal
